
Microsoft Visual Studio Solution File, Format Version 12.00
# Visual Studio Version 17
VisualStudioVersion = 17.5.002.0
MinimumVisualStudioVersion = 10.0.40219.1
Project("{9A19103F-16F7-4668-BE54-9A1E7A4F7556}") = "backendtest", "backendtest\backendtest.csproj", "{3FDF9529-67CD-41B0-9A21-29CE08EC703C}"
EndProject
Project("{FAE04EC0-301F-11D3-BF4B-00C04F79EFBC}") = "Perez_backendtest_Bonus", "Perez_backendtest_Bonus\Perez_backendtest_Bonus.csproj", "{032A7FBB-8486-448A-A746-03DA6345D513}"
EndProject
Global
	GlobalSection(SolutionConfigurationPlatforms) = preSolution
		Debug|Any CPU = Debug|Any CPU
		Release|Any CPU = Release|Any CPU
	EndGlobalSection
	GlobalSection(ProjectConfigurationPlatforms) = postSolution
		{3FDF9529-67CD-41B0-9A21-29CE08EC703C}.Debug|Any CPU.ActiveCfg = Debug|Any CPU
		{3FDF9529-67CD-41B0-9A21-29CE08EC703C}.Debug|Any CPU.Build.0 = Debug|Any CPU
		{3FDF9529-67CD-41B0-9A21-29CE08EC703C}.Release|Any CPU.ActiveCfg = Release|Any CPU
		{3FDF9529-67CD-41B0-9A21-29CE08EC703C}.Release|Any CPU.Build.0 = Release|Any CPU
		{032A7FBB-8486-448A-A746-03DA6345D513}.Debug|Any CPU.ActiveCfg = Debug|Any CPU
		{032A7FBB-8486-448A-A746-03DA6345D513}.Debug|Any CPU.Build.0 = Debug|Any CPU
		{032A7FBB-8486-448A-A746-03DA6345D513}.Release|Any CPU.ActiveCfg = Release|Any CPU
		{032A7FBB-8486-448A-A746-03DA6345D513}.Release|Any CPU.Build.0 = Release|Any CPU
	EndGlobalSection
	GlobalSection(SolutionProperties) = preSolution
		HideSolutionNode = FALSE
	EndGlobalSection
	GlobalSection(ExtensibilityGlobals) = postSolution
		SolutionGuid = {60806DBF-1892-4CA4-8B0C-F70CDC2B8001}
	EndGlobalSection
EndGlobal
